// !$*UTF8*$!
{
	archiveVersion = 1;
	classes = {
	};
	objectVersion = 50;
	objects = {

/* Begin PBXBuildFile section */
		8DDEF4BE211D8FE60053EFB2 /* AppDelegate.m in Sources */ = {isa = PBXBuildFile; fileRef = 8DDEF4BD211D8FE60053EFB2 /* AppDelegate.m */; };
		8DDEF4C1211D8FE60053EFB2 /* ViewController.m in Sources */ = {isa = PBXBuildFile; fileRef = 8DDEF4C0211D8FE60053EFB2 /* ViewController.m */; };
		8DDEF4C4211D8FE60053EFB2 /* Main.storyboard in Resources */ = {isa = PBXBuildFile; fileRef = 8DDEF4C2211D8FE60053EFB2 /* Main.storyboard */; };
		8DDEF4C6211D8FE80053EFB2 /* Assets.xcassets in Resources */ = {isa = PBXBuildFile; fileRef = 8DDEF4C5211D8FE80053EFB2 /* Assets.xcassets */; };
		8DDEF4C9211D8FE80053EFB2 /* LaunchScreen.storyboard in Resources */ = {isa = PBXBuildFile; fileRef = 8DDEF4C7211D8FE80053EFB2 /* LaunchScreen.storyboard */; };
		8DDEF4CC211D8FE80053EFB2 /* main.m in Sources */ = {isa = PBXBuildFile; fileRef = 8DDEF4CB211D8FE80053EFB2 /* main.m */; };
		8DDEF4D6211D8FE80053EFB2 /* testTests.m in Sources */ = {isa = PBXBuildFile; fileRef = 8DDEF4D5211D8FE80053EFB2 /* testTests.m */; };
		8DDEF4E1211D8FE80053EFB2 /* testUITests.m in Sources */ = {isa = PBXBuildFile; fileRef = 8DDEF4E0211D8FE80053EFB2 /* testUITests.m */; };
		8DDEF4F0211D90120053EFB2 /* AViewController.m in Sources */ = {isa = PBXBuildFile; fileRef = 8DDEF4EF211D90110053EFB2 /* AViewController.m */; };
		8DDEF4F3211D901E0053EFB2 /* BViewController.m in Sources */ = {isa = PBXBuildFile; fileRef = 8DDEF4F2211D901E0053EFB2 /* BViewController.m */; };
		8DDEF4F6211D902B0053EFB2 /* CViewController.m in Sources */ = {isa = PBXBuildFile; fileRef = 8DDEF4F5211D902B0053EFB2 /* CViewController.m */; };
		8DDEF4F9211D90360053EFB2 /* DViewController.m in Sources */ = {isa = PBXBuildFile; fileRef = 8DDEF4F8211D90360053EFB2 /* DViewController.m */; };
		8DDEF4FC211D90430053EFB2 /* EViewController.m in Sources */ = {isa = PBXBuildFile; fileRef = 8DDEF4FB211D90430053EFB2 /* EViewController.m */; };
/* End PBXBuildFile section */

/* Begin PBXContainerItemProxy section */
		8DDEF4D2211D8FE80053EFB2 /* PBXContainerItemProxy */ = {
			isa = PBXContainerItemProxy;
			containerPortal = 8DDEF4B1211D8FE60053EFB2 /* Project object */;
			proxyType = 1;
			remoteGlobalIDString = 8DDEF4B8211D8FE60053EFB2;
			remoteInfo = test;
		};
		8DDEF4DD211D8FE80053EFB2 /* PBXContainerItemProxy */ = {
			isa = PBXContainerItemProxy;
			containerPortal = 8DDEF4B1211D8FE60053EFB2 /* Project object */;
			proxyType = 1;
			remoteGlobalIDString = 8DDEF4B8211D8FE60053EFB2;
			remoteInfo = test;
		};
/* End PBXContainerItemProxy section */

/* Begin PBXFileReference section */
		8DDEF4B9211D8FE60053EFB2 /* test.app */ = {isa = PBXFileReference; explicitFileType = wrapper.application; includeInIndex = 0; path = test.app; sourceTree = BUILT_PRODUCTS_DIR; };
		8DDEF4BC211D8FE60053EFB2 /* AppDelegate.h */ = {isa = PBXFileReference; lastKnownFileType = sourcecode.c.h; path = AppDelegate.h; sourceTree = "<group>"; };
		8DDEF4BD211D8FE60053EFB2 /* AppDelegate.m */ = {isa = PBXFileReference; lastKnownFileType = sourcecode.c.objc; path = AppDelegate.m; sourceTree = "<group>"; };
		8DDEF4BF211D8FE60053EFB2 /* ViewController.h */ = {isa = PBXFileReference; lastKnownFileType = sourcecode.c.h; path = ViewController.h; sourceTree = "<group>"; };
		8DDEF4C0211D8FE60053EFB2 /* ViewController.m */ = {isa = PBXFileReference; lastKnownFileType = sourcecode.c.objc; path = ViewController.m; sourceTree = "<group>"; };
		8DDEF4C3211D8FE60053EFB2 /* Base */ = {isa = PBXFileReference; lastKnownFileType = file.storyboard; name = Base; path = Base.lproj/Main.storyboard; sourceTree = "<group>"; };
		8DDEF4C5211D8FE80053EFB2 /* Assets.xcassets */ = {isa = PBXFileReference; lastKnownFileType = folder.assetcatalog; path = Assets.xcassets; sourceTree = "<group>"; };
		8DDEF4C8211D8FE80053EFB2 /* Base */ = {isa = PBXFileReference; lastKnownFileType = file.storyboard; name = Base; path = Base.lproj/LaunchScreen.storyboard; sourceTree = "<group>"; };
		8DDEF4CA211D8FE80053EFB2 /* Info.plist */ = {isa = PBXFileReference; lastKnownFileType = text.plist.xml; path = Info.plist; sourceTree = "<group>"; };
		8DDEF4CB211D8FE80053EFB2 /* main.m */ = {isa = PBXFileReference; lastKnownFileType = sourcecode.c.objc; path = main.m; sourceTree = "<group>"; };
		8DDEF4D1211D8FE80053EFB2 /* testTests.xctest */ = {isa = PBXFileReference; explicitFileType = wrapper.cfbundle; includeInIndex = 0; path = testTests.xctest; sourceTree = BUILT_PRODUCTS_DIR; };
		8DDEF4D5211D8FE80053EFB2 /* testTests.m */ = {isa = PBXFileReference; lastKnownFileType = sourcecode.c.objc; path = testTests.m; sourceTree = "<group>"; };
		8DDEF4D7211D8FE80053EFB2 /* Info.plist */ = {isa = PBXFileReference; lastKnownFileType = text.plist.xml; path = Info.plist; sourceTree = "<group>"; };
		8DDEF4DC211D8FE80053EFB2 /* testUITests.xctest */ = {isa = PBXFileReference; explicitFileType = wrapper.cfbundle; includeInIndex = 0; path = testUITests.xctest; sourceTree = BUILT_PRODUCTS_DIR; };
		8DDEF4E0211D8FE80053EFB2 /* testUITests.m */ = {isa = PBXFileReference; lastKnownFileType = sourcecode.c.objc; path = testUITests.m; sourceTree = "<group>"; };
		8DDEF4E2211D8FE80053EFB2 /* Info.plist */ = {isa = PBXFileReference; lastKnownFileType = text.plist.xml; path = Info.plist; sourceTree = "<group>"; };
		8DDEF4EE211D90110053EFB2 /* AViewController.h */ = {isa = PBXFileReference; lastKnownFileType = sourcecode.c.h; path = AViewController.h; sourceTree = "<group>"; };
		8DDEF4EF211D90110053EFB2 /* AViewController.m */ = {isa = PBXFileReference; lastKnownFileType = sourcecode.c.objc; path = AViewController.m; sourceTree = "<group>"; };
		8DDEF4F1211D901E0053EFB2 /* BViewController.h */ = {isa = PBXFileReference; lastKnownFileType = sourcecode.c.h; path = BViewController.h; sourceTree = "<group>"; };
		8DDEF4F2211D901E0053EFB2 /* BViewController.m */ = {isa = PBXFileReference; lastKnownFileType = sourcecode.c.objc; path = BViewController.m; sourceTree = "<group>"; };
		8DDEF4F4211D902B0053EFB2 /* CViewController.h */ = {isa = PBXFileReference; lastKnownFileType = sourcecode.c.h; path = CViewController.h; sourceTree = "<group>"; };
		8DDEF4F5211D902B0053EFB2 /* CViewController.m */ = {isa = PBXFileReference; lastKnownFileType = sourcecode.c.objc; path = CViewController.m; sourceTree = "<group>"; };
		8DDEF4F7211D90360053EFB2 /* DViewController.h */ = {isa = PBXFileReference; lastKnownFileType = sourcecode.c.h; path = DViewController.h; sourceTree = "<group>"; };
		8DDEF4F8211D90360053EFB2 /* DViewController.m */ = {isa = PBXFileReference; lastKnownFileType = sourcecode.c.objc; path = DViewController.m; sourceTree = "<group>"; };
		8DDEF4FA211D90430053EFB2 /* EViewController.h */ = {isa = PBXFileReference; lastKnownFileType = sourcecode.c.h; path = EViewController.h; sourceTree = "<group>"; };
		8DDEF4FB211D90430053EFB2 /* EViewController.m */ = {isa = PBXFileReference; lastKnownFileType = sourcecode.c.objc; path = EViewController.m; sourceTree = "<group>"; };
/* End PBXFileReference section */

/* Begin PBXFrameworksBuildPhase section */
		8DDEF4B6211D8FE60053EFB2 /* Frameworks */ = {
			isa = PBXFrameworksBuildPhase;
			buildActionMask = 2147483647;
			files = (
			);
			runOnlyForDeploymentPostprocessing = 0;
		};
		8DDEF4CE211D8FE80053EFB2 /* Frameworks */ = {
			isa = PBXFrameworksBuildPhase;
			buildActionMask = 2147483647;
			files = (
			);
			runOnlyForDeploymentPostprocessing = 0;
		};
		8DDEF4D9211D8FE80053EFB2 /* Frameworks */ = {
			isa = PBXFrameworksBuildPhase;
			buildActionMask = 2147483647;
			files = (
			);
			runOnlyForDeploymentPostprocessing = 0;
		};
/* End PBXFrameworksBuildPhase section */

/* Begin PBXGroup section */
		8DDEF4B0211D8FE60053EFB2 = {
			isa = PBXGroup;
			children = (
				8DDEF4BB211D8FE60053EFB2 /* test */,
				8DDEF4D4211D8FE80053EFB2 /* testTests */,
				8DDEF4DF211D8FE80053EFB2 /* testUITests */,
				8DDEF4BA211D8FE60053EFB2 /* Products */,
			);
			sourceTree = "<group>";
		};
		8DDEF4BA211D8FE60053EFB2 /* Products */ = {
			isa = PBXGroup;
			children = (
				8DDEF4B9211D8FE60053EFB2 /* test.app */,
				8DDEF4D1211D8FE80053EFB2 /* testTests.xctest */,
				8DDEF4DC211D8FE80053EFB2 /* testUITests.xctest */,
			);
			name = Products;
			sourceTree = "<group>";
		};
		8DDEF4BB211D8FE60053EFB2 /* test */ = {
			isa = PBXGroup;
			children = (
				8DDEF4BC211D8FE60053EFB2 /* AppDelegate.h */,
				8DDEF4BD211D8FE60053EFB2 /* AppDelegate.m */,
				8DDEF4BF211D8FE60053EFB2 /* ViewController.h */,
				8DDEF4C0211D8FE60053EFB2 /* ViewController.m */,
				8DDEF4EE211D90110053EFB2 /* AViewController.h */,
				8DDEF4EF211D90110053EFB2 /* AViewController.m */,
				8DDEF4F1211D901E0053EFB2 /* BViewController.h */,
				8DDEF4F2211D901E0053EFB2 /* BViewController.m */,
				8DDEF4F4211D902B0053EFB2 /* CViewController.h */,
				8DDEF4F5211D902B0053EFB2 /* CViewController.m */,
				8DDEF4F7211D90360053EFB2 /* DViewController.h */,
				8DDEF4F8211D90360053EFB2 /* DViewController.m */,
				8DDEF4FA211D90430053EFB2 /* EViewController.h */,
				8DDEF4FB211D90430053EFB2 /* EViewController.m */,
				8DDEF4C2211D8FE60053EFB2 /* Main.storyboard */,
				8DDEF4C5211D8FE80053EFB2 /* Assets.xcassets */,
				8DDEF4C7211D8FE80053EFB2 /* LaunchScreen.storyboard */,
				8DDEF4CA211D8FE80053EFB2 /* Info.plist */,
				8DDEF4CB211D8FE80053EFB2 /* main.m */,
			);
			path = test;
			sourceTree = "<group>";
		};
		8DDEF4D4211D8FE80053EFB2 /* testTests */ = {
			isa = PBXGroup;
			children = (
				8DDEF4D5211D8FE80053EFB2 /* testTests.m */,
				8DDEF4D7211D8FE80053EFB2 /* Info.plist */,
			);
			path = testTests;
			sourceTree = "<group>";
		};
		8DDEF4DF211D8FE80053EFB2 /* testUITests */ = {
			isa = PBXGroup;
			children = (
				8DDEF4E0211D8FE80053EFB2 /* testUITests.m */,
				8DDEF4E2211D8FE80053EFB2 /* Info.plist */,
			);
			path = testUITests;
			sourceTree = "<group>";
		};
/* End PBXGroup section */

/* Begin PBXNativeTarget section */
		8DDEF4B8211D8FE60053EFB2 /* test */ = {
			isa = PBXNativeTarget;
			buildConfigurationList = 8DDEF4E5211D8FE80053EFB2 /* Build configuration list for PBXNativeTarget "test" */;
			buildPhases = (
				8DDEF4B5211D8FE60053EFB2 /* Sources */,
				8DDEF4B6211D8FE60053EFB2 /* Frameworks */,
				8DDEF4B7211D8FE60053EFB2 /* Resources */,
			);
			buildRules = (
			);
			dependencies = (
			);
			name = test;
			productName = test;
			productReference = 8DDEF4B9211D8FE60053EFB2 /* test.app */;
			productType = "com.apple.product-type.application";
		};
		8DDEF4D0211D8FE80053EFB2 /* testTests */ = {
			isa = PBXNativeTarget;
			buildConfigurationList = 8DDEF4E8211D8FE80053EFB2 /* Build configuration list for PBXNativeTarget "testTests" */;
			buildPhases = (
				8DDEF4CD211D8FE80053EFB2 /* Sources */,
				8DDEF4CE211D8FE80053EFB2 /* Frameworks */,
				8DDEF4CF211D8FE80053EFB2 /* Resources */,
			);
			buildRules = (
			);
			dependencies = (
				8DDEF4D3211D8FE80053EFB2 /* PBXTargetDependency */,
			);
			name = testTests;
			productName = testTests;
			productReference = 8DDEF4D1211D8FE80053EFB2 /* testTests.xctest */;
			productType = "com.apple.product-type.bundle.unit-test";
		};
		8DDEF4DB211D8FE80053EFB2 /* testUITests */ = {
			isa = PBXNativeTarget;
			buildConfigurationList = 8DDEF4EB211D8FE80053EFB2 /* Build configuration list for PBXNativeTarget "testUITests" */;
			buildPhases = (
				8DDEF4D8211D8FE80053EFB2 /* Sources */,
				8DDEF4D9211D8FE80053EFB2 /* Frameworks */,
				8DDEF4DA211D8FE80053EFB2 /* Resources */,
			);
			buildRules = (
			);
			dependencies = (
				8DDEF4DE211D8FE80053EFB2 /* PBXTargetDependency */,
			);
			name = testUITests;
			productName = testUITests;
			productReference = 8DDEF4DC211D8FE80053EFB2 /* testUITests.xctest */;
			productType = "com.apple.product-type.bundle.ui-testing";
		};
/* End PBXNativeTarget section */

/* Begin PBXProject section */
		8DDEF4B1211D8FE60053EFB2 /* Project object */ = {
			isa = PBXProject;
			attributes = {
				LastUpgradeCheck = 0930;
				ORGANIZATIONNAME = "李台辉";
				TargetAttributes = {
					8DDEF4B8211D8FE60053EFB2 = {
						CreatedOnToolsVersion = 9.3;
					};
					8DDEF4D0211D8FE80053EFB2 = {
						CreatedOnToolsVersion = 9.3;
						TestTargetID = 8DDEF4B8211D8FE60053EFB2;
					};
					8DDEF4DB211D8FE80053EFB2 = {
						CreatedOnToolsVersion = 9.3;
						TestTargetID = 8DDEF4B8211D8FE60053EFB2;
					};
				};
			};
			buildConfigurationList = 8DDEF4B4211D8FE60053EFB2 /* Build configuration list for PBXProject "test" */;
			compatibilityVersion = "Xcode 9.3";
			developmentRegion = en;
			hasScannedForEncodings = 0;
			knownRegions = (
				en,
				Base,
			);
			mainGroup = 8DDEF4B0211D8FE60053EFB2;
			productRefGroup = 8DDEF4BA211D8FE60053EFB2 /* Products */;
			projectDirPath = "";
			projectRoot = "";
			targets = (
				8DDEF4B8211D8FE60053EFB2 /* test */,
				8DDEF4D0211D8FE80053EFB2 /* testTests */,
				8DDEF4DB211D8FE80053EFB2 /* testUITests */,
			);
		};
/* End PBXProject section */

/* Begin PBXResourcesBuildPhase section */
		8DDEF4B7211D8FE60053EFB2 /* Resources */ = {
			isa = PBXResourcesBuildPhase;
			buildActionMask = 2147483647;
			files = (
				8DDEF4C9211D8FE80053EFB2 /* LaunchScreen.storyboard in Resources */,
				8DDEF4C6211D8FE80053EFB2 /* Assets.xcassets in Resources */,
				8DDEF4C4211D8FE60053EFB2 /* Main.storyboard in Resources */,
			);
			runOnlyForDeploymentPostprocessing = 0;
		};
		8DDEF4CF211D8FE80053EFB2 /* Resources */ = {
			isa = PBXResourcesBuildPhase;
			buildActionMask = 2147483647;
			files = (
			);
			runOnlyForDeploymentPostprocessing = 0;
		};
		8DDEF4DA211D8FE80053EFB2 /* Resources */ = {
			isa = PBXResourcesBuildPhase;
			buildActionMask = 2147483647;
			files = (
			);
			runOnlyForDeploymentPostprocessing = 0;
		};
/* End PBXResourcesBuildPhase section */

/* Begin PBXSourcesBuildPhase section */
		8DDEF4B5211D8FE60053EFB2 /* Sources */ = {
			isa = PBXSourcesBuildPhase;
			buildActionMask = 2147483647;
			files = (
				8DDEF4FC211D90430053EFB2 /* EViewController.m in Sources */,
				8DDEF4F0211D90120053EFB2 /* AViewController.m in Sources */,
				8DDEF4C1211D8FE60053EFB2 /* ViewController.m in Sources */,
				8DDEF4F6211D902B0053EFB2 /* CViewController.m in Sources */,
				8DDEF4CC211D8FE80053EFB2 /* main.m in Sources */,
				8DDEF4F3211D901E0053EFB2 /* BViewController.m in Sources */,
				8DDEF4F9211D90360053EFB2 /* DViewController.m in Sources */,
				8DDEF4BE211D8FE60053EFB2 /* AppDelegate.m in Sources */,
			);
			runOnlyForDeploymentPostprocessing = 0;
		};
		8DDEF4CD211D8FE80053EFB2 /* Sources */ = {
			isa = PBXSourcesBuildPhase;
			buildActionMask = 2147483647;
			files = (
				8DDEF4D6211D8FE80053EFB2 /* testTests.m in Sources */,
			);
			runOnlyForDeploymentPostprocessing = 0;
		};
		8DDEF4D8211D8FE80053EFB2 /* Sources */ = {
			isa = PBXSourcesBuildPhase;
			buildActionMask = 2147483647;
			files = (
				8DDEF4E1211D8FE80053EFB2 /* testUITests.m in Sources */,
			);
			runOnlyForDeploymentPostprocessing = 0;
		};
/* End PBXSourcesBuildPhase section */

/* Begin PBXTargetDependency section */
		8DDEF4D3211D8FE80053EFB2 /* PBXTargetDependency */ = {
			isa = PBXTargetDependency;
			target = 8DDEF4B8211D8FE60053EFB2 /* test */;
			targetProxy = 8DDEF4D2211D8FE80053EFB2 /* PBXContainerItemProxy */;
		};
		8DDEF4DE211D8FE80053EFB2 /* PBXTargetDependency */ = {
			isa = PBXTargetDependency;
			target = 8DDEF4B8211D8FE60053EFB2 /* test */;
			targetProxy = 8DDEF4DD211D8FE80053EFB2 /* PBXContainerItemProxy */;
		};
/* End PBXTargetDependency section */

/* Begin PBXVariantGroup section */
		8DDEF4C2211D8FE60053EFB2 /* Main.storyboard */ = {
			isa = PBXVariantGroup;
			children = (
				8DDEF4C3211D8FE60053EFB2 /* Base */,
			);
			name = Main.storyboard;
			sourceTree = "<group>";
		};
		8DDEF4C7211D8FE80053EFB2 /* LaunchScreen.storyboard */ = {
			isa = PBXVariantGroup;
			children = (
				8DDEF4C8211D8FE80053EFB2 /* Base */,
			);
			name = LaunchScreen.storyboard;
			sourceTree = "<group>";
		};
/* End PBXVariantGroup section */

/* Begin XCBuildConfiguration section */
		8DDEF4E3211D8FE80053EFB2 /* Debug */ = {
			isa = XCBuildConfiguration;
			buildSettings = {
				ALWAYS_SEARCH_USER_PATHS = NO;
				CLANG_ANALYZER_NONNULL = YES;
				CLANG_ANALYZER_NUMBER_OBJECT_CONVERSION = YES_AGGRESSIVE;
				CLANG_CXX_LANGUAGE_STANDARD = "gnu++14";
				CLANG_CXX_LIBRARY = "libc++";
				CLANG_ENABLE_MODULES = YES;
				CLANG_ENABLE_OBJC_ARC = YES;
				CLANG_ENABLE_OBJC_WEAK = YES;
				CLANG_WARN_BLOCK_CAPTURE_AUTORELEASING = YES;
				CLANG_WARN_BOOL_CONVERSION = YES;
				CLANG_WARN_COMMA = YES;
				CLANG_WARN_CONSTANT_CONVERSION = YES;
				CLANG_WARN_DEPRECATED_OBJC_IMPLEMENTATIONS = YES;
				CLANG_WARN_DIRECT_OBJC_ISA_USAGE = YES_ERROR;
				CLANG_WARN_DOCUMENTATION_COMMENTS = YES;
				CLANG_WARN_EMPTY_BODY = YES;
				CLANG_WARN_ENUM_CONVERSION = YES;
				CLANG_WARN_INFINITE_RECURSION = YES;
				CLANG_WARN_INT_CONVERSION = YES;
				CLANG_WARN_NON_LITERAL_NULL_CONVERSION = YES;
				CLANG_WARN_OBJC_IMPLICIT_RETAIN_SELF = YES;
				CLANG_WARN_OBJC_LITERAL_CONVERSION = YES;
				CLANG_WARN_OBJC_ROOT_CLASS = YES_ERROR;
				CLANG_WARN_RANGE_LOOP_ANALYSIS = YES;
				CLANG_WARN_STRICT_PROTOTYPES = YES;
				CLANG_WARN_SUSPICIOUS_MOVE = YES;
				CLANG_WARN_UNGUARDED_AVAILABILITY = YES_AGGRESSIVE;
				CLANG_WARN_UNREACHABLE_CODE = YES;
				CLANG_WARN__DUPLICATE_METHOD_MATCH = YES;
				CODE_SIGN_IDENTITY = "iPhone Developer";
				COPY_PHASE_STRIP = NO;
				DEBUG_INFORMATION_FORMAT = dwarf;
				ENABLE_STRICT_OBJC_MSGSEND = YES;
				ENABLE_TESTABILITY = YES;
				GCC_C_LANGUAGE_STANDARD = gnu11;
				GCC_DYNAMIC_NO_PIC = NO;
				GCC_NO_COMMON_BLOCKS = YES;
				GCC_OPTIMIZATION_LEVEL = 0;
				GCC_PREPROCESSOR_DEFINITIONS = (
					"DEBUG=1",
					"$(inherited)",
				);
				GCC_WARN_64_TO_32_BIT_CONVERSION = YES;
				GCC_WARN_ABOUT_RETURN_TYPE = YES_ERROR;
				GCC_WARN_UNDECLARED_SELECTOR = YES;
				GCC_WARN_UNINITIALIZED_AUTOS = YES_AGGRESSIVE;
				GCC_WARN_UNUSED_FUNCTION = YES;
				GCC_WARN_UNUSED_VARIABLE = YES;
				IPHONEOS_DEPLOYMENT_TARGET = 11.3;
				MTL_ENABLE_DEBUG_INFO = YES;
				ONLY_ACTIVE_ARCH = YES;
				SDKROOT = iphoneos;
			};
			name = Debug;
		};
		8DDEF4E4211D8FE80053EFB2 /* Release */ = {
			isa = XCBuildConfiguration;
			buildSettings = {
				ALWAYS_SEARCH_USER_PATHS = NO;
				CLANG_ANALYZER_NONNULL = YES;
				CLANG_ANALYZER_NUMBER_OBJECT_CONVERSION = YES_AGGRESSIVE;
				CLANG_CXX_LANGUAGE_STANDARD = "gnu++14";
				CLANG_CXX_LIBRARY = "libc++";
				CLANG_ENABLE_MODULES = YES;
				CLANG_ENABLE_OBJC_ARC = YES;
				CLANG_ENABLE_OBJC_WEAK = YES;
				CLANG_WARN_BLOCK_CAPTURE_AUTORELEASING = YES;
				CLANG_WARN_BOOL_CONVERSION = YES;
				CLANG_WARN_COMMA = YES;
				CLANG_WARN_CONSTANT_CONVERSION = YES;
				CLANG_WARN_DEPRECATED_OBJC_IMPLEMENTATIONS = YES;
				CLANG_WARN_DIRECT_OBJC_ISA_USAGE = YES_ERROR;
				CLANG_WARN_DOCUMENTATION_COMMENTS = YES;
				CLANG_WARN_EMPTY_BODY = YES;
				CLANG_WARN_ENUM_CONVERSION = YES;
				CLANG_WARN_INFINITE_RECURSION = YES;
				CLANG_WARN_INT_CONVERSION = YES;
				CLANG_WARN_NON_LITERAL_NULL_CONVERSION = YES;
				CLANG_WARN_OBJC_IMPLICIT_RETAIN_SELF = YES;
				CLANG_WARN_OBJC_LITERAL_CONVERSION = YES;
				CLANG_WARN_OBJC_ROOT_CLASS = YES_ERROR;
				CLANG_WARN_RANGE_LOOP_ANALYSIS = YES;
				CLANG_WARN_STRICT_PROTOTYPES = YES;
				CLANG_WARN_SUSPICIOUS_MOVE = YES;
				CLANG_WARN_UNGUARDED_AVAILABILITY = YES_AGGRESSIVE;
				CLANG_WARN_UNREACHABLE_CODE = YES;
				CLANG_WARN__DUPLICATE_METHOD_MATCH = YES;
				CODE_SIGN_IDENTITY = "iPhone Developer";
				COPY_PHASE_STRIP = NO;
				DEBUG_INFORMATION_FORMAT = "dwarf-with-dsym";
				ENABLE_NS_ASSERTIONS = NO;
				ENABLE_STRICT_OBJC_MSGSEND = YES;
				GCC_C_LANGUAGE_STANDARD = gnu11;
				GCC_NO_COMMON_BLOCKS = YES;
				GCC_WARN_64_TO_32_BIT_CONVERSION = YES;
				GCC_WARN_ABOUT_RETURN_TYPE = YES_ERROR;
				GCC_WARN_UNDECLARED_SELECTOR = YES;
				GCC_WARN_UNINITIALIZED_AUTOS = YES_AGGRESSIVE;
				GCC_WARN_UNUSED_FUNCTION = YES;
				GCC_WARN_UNUSED_VARIABLE = YES;
				IPHONEOS_DEPLOYMENT_TARGET = 11.3;
				MTL_ENABLE_DEBUG_INFO = NO;
				SDKROOT = iphoneos;
				VALIDATE_PRODUCT = YES;
			};
			name = Release;
		};
		8DDEF4E6211D8FE80053EFB2 /* Debug */ = {
			isa = XCBuildConfiguration;
			buildSettings = {
				ASSETCATALOG_COMPILER_APPICON_NAME = AppIcon;
				CODE_SIGN_STYLE = Automatic;
				INFOPLIST_FILE = test/Info.plist;
				LD_RUNPATH_SEARCH_PATHS = (
					"$(inherited)",
					"@executable_path/Frameworks",
				);
				PRODUCT_BUNDLE_IDENTIFIER = qianbao.com.test;
				PRODUCT_NAME = "$(TARGET_NAME)";
				TARGETED_DEVICE_FAMILY = "1,2";
			};
			name = Debug;
		};
		8DDEF4E7211D8FE80053EFB2 /* Release */ = {
			isa = XCBuildConfiguration;
			buildSettings = {
				ASSETCATALOG_COMPILER_APPICON_NAME = AppIcon;
				CODE_SIGN_STYLE = Automatic;
				INFOPLIST_FILE = test/Info.plist;
				LD_RUNPATH_SEARCH_PATHS = (
					"$(inherited)",
					"@executable_path/Frameworks",
				);
				PRODUCT_BUNDLE_IDENTIFIER = qianbao.com.test;
				PRODUCT_NAME = "$(TARGET_NAME)";
				TARGETED_DEVICE_FAMILY = "1,2";
			};
			name = Release;
		};
		8DDEF4E9211D8FE80053EFB2 /* Debug */ = {
			isa = XCBuildConfiguration;
			buildSettings = {
				BUNDLE_LOADER = "$(TEST_HOST)";
				CODE_SIGN_STYLE = Automatic;
				INFOPLIST_FILE = testTests/Info.plist;
				LD_RUNPATH_SEARCH_PATHS = (
					"$(inherited)",
					"@executable_path/Frameworks",
					"@loader_path/Frameworks",
				);
				PRODUCT_BUNDLE_IDENTIFIER = qianbao.com.testTests;
				PRODUCT_NAME = "$(TARGET_NAME)";
				TARGETED_DEVICE_FAMILY = "1,2";
				TEST_HOST = "$(BUILT_PRODUCTS_DIR)/test.app/test";
			};
			name = Debug;
		};
		8DDEF4EA211D8FE80053EFB2 /* Release */ = {
			isa = XCBuildConfiguration;
			buildSettings = {
				BUNDLE_LOADER = "$(TEST_HOST)";
				CODE_SIGN_STYLE = Automatic;
				INFOPLIST_FILE = testTests/Info.plist;
				LD_RUNPATH_SEARCH_PATHS = (
					"$(inherited)",
					"@executable_path/Frameworks",
					"@loader_path/Frameworks",
				);
				PRODUCT_BUNDLE_IDENTIFIER = qianbao.com.testTests;
				PRODUCT_NAME = "$(TARGET_NAME)";
				TARGETED_DEVICE_FAMILY = "1,2";
				TEST_HOST = "$(BUILT_PRODUCTS_DIR)/test.app/test";
			};
			name = Release;
		};
		8DDEF4EC211D8FE80053EFB2 /* Debug */ = {
			isa = XCBuildConfiguration;
			buildSettings = {
				CODE_SIGN_STYLE = Automatic;
				INFOPLIST_FILE = testUITests/Info.plist;
				LD_RUNPATH_SEARCH_PATHS = (
					"$(inherited)",
					"@executable_path/Frameworks",
					"@loader_path/Frameworks",
				);
				PRODUCT_BUNDLE_IDENTIFIER = qianbao.com.testUITests;
				PRODUCT_NAME = "$(TARGET_NAME)";
				TARGETED_DEVICE_FAMILY = "1,2";
				TEST_TARGET_NAME = test;
			};
			name = Debug;
		};
		8DDEF4ED211D8FE80053EFB2 /* Release */ = {
			isa = XCBuildConfiguration;
			buildSettings = {
				CODE_SIGN_STYLE = Automatic;
				INFOPLIST_FILE = testUITests/Info.plist;
				LD_RUNPATH_SEARCH_PATHS = (
					"$(inherited)",
					"@executable_path/Frameworks",
					"@loader_path/Frameworks",
				);
				PRODUCT_BUNDLE_IDENTIFIER = qianbao.com.testUITests;
				PRODUCT_NAME = "$(TARGET_NAME)";
				TARGETED_DEVICE_FAMILY = "1,2";
				TEST_TARGET_NAME = test;
			};
			name = Release;
		};
/* End XCBuildConfiguration section */

/* Begin XCConfigurationList section */
		8DDEF4B4211D8FE60053EFB2 /* Build configuration list for PBXProject "test" */ = {
			isa = XCConfigurationList;
			buildConfigurations = (
				8DDEF4E3211D8FE80053EFB2 /* Debug */,
				8DDEF4E4211D8FE80053EFB2 /* Release */,
			);
			defaultConfigurationIsVisible = 0;
			defaultConfigurationName = Release;
		};
		8DDEF4E5211D8FE80053EFB2 /* Build configuration list for PBXNativeTarget "test" */ = {
			isa = XCConfigurationList;
			buildConfigurations = (
				8DDEF4E6211D8FE80053EFB2 /* Debug */,
				8DDEF4E7211D8FE80053EFB2 /* Release */,
			);
			defaultConfigurationIsVisible = 0;
			defaultConfigurationName = Release;
		};
		8DDEF4E8211D8FE80053EFB2 /* Build configuration list for PBXNativeTarget "testTests" */ = {
			isa = XCConfigurationList;
			buildConfigurations = (
				8DDEF4E9211D8FE80053EFB2 /* Debug */,
				8DDEF4EA211D8FE80053EFB2 /* Release */,
			);
			defaultConfigurationIsVisible = 0;
			defaultConfigurationName = Release;
		};
		8DDEF4EB211D8FE80053EFB2 /* Build configuration list for PBXNativeTarget "testUITests" */ = {
			isa = XCConfigurationList;
			buildConfigurations = (
				8DDEF4EC211D8FE80053EFB2 /* Debug */,
				8DDEF4ED211D8FE80053EFB2 /* Release */,
			);
			defaultConfigurationIsVisible = 0;
			defaultConfigurationName = Release;
		};
/* End XCConfigurationList section */
	};
	rootObject = 8DDEF4B1211D8FE60053EFB2 /* Project object */;
}
